{
  "name": "@parrotjs/rc-utils-classnames",
  "version": "0.0.1",
  "lockfileVersion": 1,
  "requires": true,
  "dependencies": {
    "@parrotjs/rc-utils-whichtype": {
      "version": "0.0.1",
      "resolved": "http://registry.npm.ishopex.cn/@parrotjs%2frc-utils-whichtype/-/rc-utils-whichtype-0.0.1.tgz",
      "integrity": "sha512-ay+0eRs5g/mO3bF9ymWMIlylnpgD5/EYIoixG2nV2fpoJ0VwvpB8s3sORZidhV7o3Tb73NidBO9pAqUlwmaVpA=="
    }
  }
}
